
Microsoft Visual Studio Solution File, Format Version 11.00
# Visual Studio 2010
Project("{FAE04EC0-301F-11D3-BF4B-00C04F79EFBC}") = "AmazonWebServices", "AmazonWebServices\AmazonWebServices.csproj", "{8E9C4A08-600D-4536-9E1F-7D2C32BD1808}"
EndProject
Global
	GlobalSection(SolutionConfigurationPlatforms) = preSolution
		Debug|Any CPU = Debug|Any CPU
		Release|Any CPU = Release|Any CPU
	EndGlobalSection
	GlobalSection(ProjectConfigurationPlatforms) = postSolution
		{8E9C4A08-600D-4536-9E1F-7D2C32BD1808}.Debug|Any CPU.ActiveCfg = Debug|Any CPU
		{8E9C4A08-600D-4536-9E1F-7D2C32BD1808}.Debug|Any CPU.Build.0 = Debug|Any CPU
		{8E9C4A08-600D-4536-9E1F-7D2C32BD1808}.Release|Any CPU.ActiveCfg = Release|Any CPU
		{8E9C4A08-600D-4536-9E1F-7D2C32BD1808}.Release|Any CPU.Build.0 = Release|Any CPU
	EndGlobalSection
	GlobalSection(MonoDevelopProperties) = preSolution
		StartupItem = AmazonWebServices\AmazonWebServices.csproj
	EndGlobalSection
EndGlobal
